
Microsoft Visual Studio Solution File, Format Version 12.00
# Visual Studio Version 16
VisualStudioVersion = 16.0.31129.286
MinimumVisualStudioVersion = 10.0.40219.1
Project("{FAE04EC0-301F-11D3-BF4B-00C04F79EFBC}") = "Softbinator_Project", "Softbinator_Project\Softbinator_Project.csproj", "{5E52EE26-A533-4FC7-9E36-FA38927B410E}"
EndProject
Global
	GlobalSection(SolutionConfigurationPlatforms) = preSolution
		Debug|Any CPU = Debug|Any CPU
		Release|Any CPU = Release|Any CPU
	EndGlobalSection
	GlobalSection(ProjectConfigurationPlatforms) = postSolution
		{5E52EE26-A533-4FC7-9E36-FA38927B410E}.Debug|Any CPU.ActiveCfg = Debug|Any CPU
		{5E52EE26-A533-4FC7-9E36-FA38927B410E}.Debug|Any CPU.Build.0 = Debug|Any CPU
		{5E52EE26-A533-4FC7-9E36-FA38927B410E}.Release|Any CPU.ActiveCfg = Release|Any CPU
		{5E52EE26-A533-4FC7-9E36-FA38927B410E}.Release|Any CPU.Build.0 = Release|Any CPU
	EndGlobalSection
	GlobalSection(SolutionProperties) = preSolution
		HideSolutionNode = FALSE
	EndGlobalSection
	GlobalSection(ExtensibilityGlobals) = postSolution
		SolutionGuid = {7B491E31-223A-4404-85BB-B33CB76AE42B}
	EndGlobalSection
EndGlobal
